
Microsoft Visual Studio Solution File, Format Version 12.00
# Visual Studio Version 17
VisualStudioVersion = 17.9.34622.214
MinimumVisualStudioVersion = 10.0.40219.1
Project("{FAE04EC0-301F-11D3-BF4B-00C04F79EFBC}") = "MarucciHotel", "MarucciHotel\MarucciHotel.csproj", "{0FEA3923-525E-476D-811B-84C753B742E5}"
EndProject
Global
	GlobalSection(SolutionConfigurationPlatforms) = preSolution
		Debug|Any CPU = Debug|Any CPU
		Release|Any CPU = Release|Any CPU
	EndGlobalSection
	GlobalSection(ProjectConfigurationPlatforms) = postSolution
		{0FEA3923-525E-476D-811B-84C753B742E5}.Debug|Any CPU.ActiveCfg = Debug|Any CPU
		{0FEA3923-525E-476D-811B-84C753B742E5}.Debug|Any CPU.Build.0 = Debug|Any CPU
		{0FEA3923-525E-476D-811B-84C753B742E5}.Release|Any CPU.ActiveCfg = Release|Any CPU
		{0FEA3923-525E-476D-811B-84C753B742E5}.Release|Any CPU.Build.0 = Release|Any CPU
	EndGlobalSection
	GlobalSection(SolutionProperties) = preSolution
		HideSolutionNode = FALSE
	EndGlobalSection
	GlobalSection(ExtensibilityGlobals) = postSolution
		SolutionGuid = {489EFB8A-D109-45B6-9C87-CECE0D4FF0E8}
	EndGlobalSection
EndGlobal
